
Microsoft Visual Studio Solution File, Format Version 12.00
# Visual Studio 15
VisualStudioVersion = 15.0.28307.421
MinimumVisualStudioVersion = 10.0.40219.1
Project("{FAE04EC0-301F-11D3-BF4B-00C04F79EFBC}") = "AppDemo.Android", "AppDemo\AppDemo.Android\AppDemo.Android.csproj", "{7722FA36-DE46-4122-9DDB-8A9C7592A286}"
EndProject
Project("{FAE04EC0-301F-11D3-BF4B-00C04F79EFBC}") = "AppDemo.iOS", "AppDemo\AppDemo.iOS\AppDemo.iOS.csproj", "{0CF8089A-4733-4A1D-ACC1-4269CF84670E}"
EndProject
Project("{FAE04EC0-301F-11D3-BF4B-00C04F79EFBC}") = "AppDemo", "AppDemo\AppDemo\AppDemo.csproj", "{370F0648-E319-4520-97F6-ED99A98388AA}"
EndProject
Global
	GlobalSection(SolutionConfigurationPlatforms) = preSolution
		Ad-Hoc|Any CPU = Ad-Hoc|Any CPU
		Ad-Hoc|iPhone = Ad-Hoc|iPhone
		Ad-Hoc|iPhoneSimulator = Ad-Hoc|iPhoneSimulator
		AppStore|Any CPU = AppStore|Any CPU
		AppStore|iPhone = AppStore|iPhone
		AppStore|iPhoneSimulator = AppStore|iPhoneSimulator
		Debug|Any CPU = Debug|Any CPU
		Debug|iPhone = Debug|iPhone
		Debug|iPhoneSimulator = Debug|iPhoneSimulator
		Release|Any CPU = Release|Any CPU
		Release|iPhone = Release|iPhone
		Release|iPhoneSimulator = Release|iPhoneSimulator
	EndGlobalSection
	GlobalSection(ProjectConfigurationPlatforms) = postSolution
		{7722FA36-DE46-4122-9DDB-8A9C7592A286}.Ad-Hoc|Any CPU.ActiveCfg = Release|Any CPU
		{7722FA36-DE46-4122-9DDB-8A9C7592A286}.Ad-Hoc|Any CPU.Build.0 = Release|Any CPU
		{7722FA36-DE46-4122-9DDB-8A9C7592A286}.Ad-Hoc|Any CPU.Deploy.0 = Release|Any CPU
		{7722FA36-DE46-4122-9DDB-8A9C7592A286}.Ad-Hoc|iPhone.ActiveCfg = Release|Any CPU
		{7722FA36-DE46-4122-9DDB-8A9C7592A286}.Ad-Hoc|iPhone.Build.0 = Release|Any CPU
		{7722FA36-DE46-4122-9DDB-8A9C7592A286}.Ad-Hoc|iPhone.Deploy.0 = Release|Any CPU
		{7722FA36-DE46-4122-9DDB-8A9C7592A286}.Ad-Hoc|iPhoneSimulator.ActiveCfg = Release|Any CPU
		{7722FA36-DE46-4122-9DDB-8A9C7592A286}.Ad-Hoc|iPhoneSimulator.Build.0 = Release|Any CPU
		{7722FA36-DE46-4122-9DDB-8A9C7592A286}.Ad-Hoc|iPhoneSimulator.Deploy.0 = Release|Any CPU
		{7722FA36-DE46-4122-9DDB-8A9C7592A286}.AppStore|Any CPU.ActiveCfg = Release|Any CPU
		{7722FA36-DE46-4122-9DDB-8A9C7592A286}.AppStore|Any CPU.Build.0 = Release|Any CPU
		{7722FA36-DE46-4122-9DDB-8A9C7592A286}.AppStore|Any CPU.Deploy.0 = Release|Any CPU
		{7722FA36-DE46-4122-9DDB-8A9C7592A286}.AppStore|iPhone.ActiveCfg = Release|Any CPU
		{7722FA36-DE46-4122-9DDB-8A9C7592A286}.AppStore|iPhone.Build.0 = Release|Any CPU
		{7722FA36-DE46-4122-9DDB-8A9C7592A286}.AppStore|iPhone.Deploy.0 = Release|Any CPU
		{7722FA36-DE46-4122-9DDB-8A9C7592A286}.AppStore|iPhoneSimulator.ActiveCfg = Release|Any CPU
		{7722FA36-DE46-4122-9DDB-8A9C7592A286}.AppStore|iPhoneSimulator.Build.0 = Release|Any CPU
		{7722FA36-DE46-4122-9DDB-8A9C7592A286}.AppStore|iPhoneSimulator.Deploy.0 = Release|Any CPU
		{7722FA36-DE46-4122-9DDB-8A9C7592A286}.Debug|Any CPU.ActiveCfg = Debug|Any CPU
		{7722FA36-DE46-4122-9DDB-8A9C7592A286}.Debug|Any CPU.Build.0 = Debug|Any CPU
		{7722FA36-DE46-4122-9DDB-8A9C7592A286}.Debug|Any CPU.Deploy.0 = Debug|Any CPU
		{7722FA36-DE46-4122-9DDB-8A9C7592A286}.Debug|iPhone.ActiveCfg = Debug|Any CPU
		{7722FA36-DE46-4122-9DDB-8A9C7592A286}.Debug|iPhone.Build.0 = Debug|Any CPU
		{7722FA36-DE46-4122-9DDB-8A9C7592A286}.Debug|iPhone.Deploy.0 = Debug|Any CPU
		{7722FA36-DE46-4122-9DDB-8A9C7592A286}.Debug|iPhoneSimulator.ActiveCfg = Debug|Any CPU
		{7722FA36-DE46-4122-9DDB-8A9C7592A286}.Debug|iPhoneSimulator.Build.0 = Debug|Any CPU
		{7722FA36-DE46-4122-9DDB-8A9C7592A286}.Debug|iPhoneSimulator.Deploy.0 = Debug|Any CPU
		{7722FA36-DE46-4122-9DDB-8A9C7592A286}.Release|Any CPU.ActiveCfg = Release|Any CPU
		{7722FA36-DE46-4122-9DDB-8A9C7592A286}.Release|Any CPU.Build.0 = Release|Any CPU
		{7722FA36-DE46-4122-9DDB-8A9C7592A286}.Release|Any CPU.Deploy.0 = Release|Any CPU
		{7722FA36-DE46-4122-9DDB-8A9C7592A286}.Release|iPhone.ActiveCfg = Release|Any CPU
		{7722FA36-DE46-4122-9DDB-8A9C7592A286}.Release|iPhone.Build.0 = Release|Any CPU
		{7722FA36-DE46-4122-9DDB-8A9C7592A286}.Release|iPhone.Deploy.0 = Release|Any CPU
		{7722FA36-DE46-4122-9DDB-8A9C7592A286}.Release|iPhoneSimulator.ActiveCfg = Release|Any CPU
		{7722FA36-DE46-4122-9DDB-8A9C7592A286}.Release|iPhoneSimulator.Build.0 = Release|Any CPU
		{7722FA36-DE46-4122-9DDB-8A9C7592A286}.Release|iPhoneSimulator.Deploy.0 = Release|Any CPU
		{0CF8089A-4733-4A1D-ACC1-4269CF84670E}.Ad-Hoc|Any CPU.ActiveCfg = Ad-Hoc|iPhone
		{0CF8089A-4733-4A1D-ACC1-4269CF84670E}.Ad-Hoc|Any CPU.Build.0 = Ad-Hoc|iPhone
		{0CF8089A-4733-4A1D-ACC1-4269CF84670E}.Ad-Hoc|Any CPU.Deploy.0 = Ad-Hoc|iPhone
		{0CF8089A-4733-4A1D-ACC1-4269CF84670E}.Ad-Hoc|iPhone.ActiveCfg = Ad-Hoc|iPhone
		{0CF8089A-4733-4A1D-ACC1-4269CF84670E}.Ad-Hoc|iPhone.Build.0 = Ad-Hoc|iPhone
		{0CF8089A-4733-4A1D-ACC1-4269CF84670E}.Ad-Hoc|iPhone.Deploy.0 = Ad-Hoc|iPhone
		{0CF8089A-4733-4A1D-ACC1-4269CF84670E}.Ad-Hoc|iPhoneSimulator.ActiveCfg = Ad-Hoc|iPhoneSimulator
		{0CF8089A-4733-4A1D-ACC1-4269CF84670E}.Ad-Hoc|iPhoneSimulator.Build.0 = Ad-Hoc|iPhoneSimulator
		{0CF8089A-4733-4A1D-ACC1-4269CF84670E}.Ad-Hoc|iPhoneSimulator.Deploy.0 = Ad-Hoc|iPhoneSimulator
		{0CF8089A-4733-4A1D-ACC1-4269CF84670E}.AppStore|Any CPU.ActiveCfg = AppStore|iPhone
		{0CF8089A-4733-4A1D-ACC1-4269CF84670E}.AppStore|Any CPU.Build.0 = AppStore|iPhone
		{0CF8089A-4733-4A1D-ACC1-4269CF84670E}.AppStore|Any CPU.Deploy.0 = AppStore|iPhone
		{0CF8089A-4733-4A1D-ACC1-4269CF84670E}.AppStore|iPhone.ActiveCfg = AppStore|iPhone
		{0CF8089A-4733-4A1D-ACC1-4269CF84670E}.AppStore|iPhone.Build.0 = AppStore|iPhone
		{0CF8089A-4733-4A1D-ACC1-4269CF84670E}.AppStore|iPhone.Deploy.0 = AppStore|iPhone
		{0CF8089A-4733-4A1D-ACC1-4269CF84670E}.AppStore|iPhoneSimulator.ActiveCfg = AppStore|iPhoneSimulator
		{0CF8089A-4733-4A1D-ACC1-4269CF84670E}.AppStore|iPhoneSimulator.Build.0 = AppStore|iPhoneSimulator
		{0CF8089A-4733-4A1D-ACC1-4269CF84670E}.AppStore|iPhoneSimulator.Deploy.0 = AppStore|iPhoneSimulator
		{0CF8089A-4733-4A1D-ACC1-4269CF84670E}.Debug|Any CPU.ActiveCfg = Debug|iPhoneSimulator
		{0CF8089A-4733-4A1D-ACC1-4269CF84670E}.Debug|Any CPU.Build.0 = Debug|iPhoneSimulator
		{0CF8089A-4733-4A1D-ACC1-4269CF84670E}.Debug|Any CPU.Deploy.0 = Debug|iPhoneSimulator
		{0CF8089A-4733-4A1D-ACC1-4269CF84670E}.Debug|iPhone.ActiveCfg = Debug|iPhone
		{0CF8089A-4733-4A1D-ACC1-4269CF84670E}.Debug|iPhone.Build.0 = Debug|iPhone
		{0CF8089A-4733-4A1D-ACC1-4269CF84670E}.Debug|iPhone.Deploy.0 = Debug|iPhone
		{0CF8089A-4733-4A1D-ACC1-4269CF84670E}.Debug|iPhoneSimulator.ActiveCfg = Debug|iPhoneSimulator
		{0CF8089A-4733-4A1D-ACC1-4269CF84670E}.Debug|iPhoneSimulator.Build.0 = Debug|iPhoneSimulator
		{0CF8089A-4733-4A1D-ACC1-4269CF84670E}.Debug|iPhoneSimulator.Deploy.0 = Debug|iPhoneSimulator
		{0CF8089A-4733-4A1D-ACC1-4269CF84670E}.Release|Any CPU.ActiveCfg = Release|iPhone
		{0CF8089A-4733-4A1D-ACC1-4269CF84670E}.Release|Any CPU.Build.0 = Release|iPhone
		{0CF8089A-4733-4A1D-ACC1-4269CF84670E}.Release|Any CPU.Deploy.0 = Release|iPhone
		{0CF8089A-4733-4A1D-ACC1-4269CF84670E}.Release|iPhone.ActiveCfg = Release|iPhone
		{0CF8089A-4733-4A1D-ACC1-4269CF84670E}.Release|iPhone.Build.0 = Release|iPhone
		{0CF8089A-4733-4A1D-ACC1-4269CF84670E}.Release|iPhone.Deploy.0 = Release|iPhone
		{0CF8089A-4733-4A1D-ACC1-4269CF84670E}.Release|iPhoneSimulator.ActiveCfg = Release|iPhoneSimulator
		{0CF8089A-4733-4A1D-ACC1-4269CF84670E}.Release|iPhoneSimulator.Build.0 = Release|iPhoneSimulator
		{0CF8089A-4733-4A1D-ACC1-4269CF84670E}.Release|iPhoneSimulator.Deploy.0 = Release|iPhoneSimulator
		{370F0648-E319-4520-97F6-ED99A98388AA}.Ad-Hoc|Any CPU.ActiveCfg = Debug|Any CPU
		{370F0648-E319-4520-97F6-ED99A98388AA}.Ad-Hoc|Any CPU.Build.0 = Debug|Any CPU
		{370F0648-E319-4520-97F6-ED99A98388AA}.Ad-Hoc|Any CPU.Deploy.0 = Debug|Any CPU
		{370F0648-E319-4520-97F6-ED99A98388AA}.Ad-Hoc|iPhone.ActiveCfg = Debug|Any CPU
		{370F0648-E319-4520-97F6-ED99A98388AA}.Ad-Hoc|iPhone.Build.0 = Debug|Any CPU
		{370F0648-E319-4520-97F6-ED99A98388AA}.Ad-Hoc|iPhone.Deploy.0 = Debug|Any CPU
		{370F0648-E319-4520-97F6-ED99A98388AA}.Ad-Hoc|iPhoneSimulator.ActiveCfg = Debug|Any CPU
		{370F0648-E319-4520-97F6-ED99A98388AA}.Ad-Hoc|iPhoneSimulator.Build.0 = Debug|Any CPU
		{370F0648-E319-4520-97F6-ED99A98388AA}.Ad-Hoc|iPhoneSimulator.Deploy.0 = Debug|Any CPU
		{370F0648-E319-4520-97F6-ED99A98388AA}.AppStore|Any CPU.ActiveCfg = Debug|Any CPU
		{370F0648-E319-4520-97F6-ED99A98388AA}.AppStore|Any CPU.Build.0 = Debug|Any CPU
		{370F0648-E319-4520-97F6-ED99A98388AA}.AppStore|Any CPU.Deploy.0 = Debug|Any CPU
		{370F0648-E319-4520-97F6-ED99A98388AA}.AppStore|iPhone.ActiveCfg = Debug|Any CPU
		{370F0648-E319-4520-97F6-ED99A98388AA}.AppStore|iPhone.Build.0 = Debug|Any CPU
		{370F0648-E319-4520-97F6-ED99A98388AA}.AppStore|iPhone.Deploy.0 = Debug|Any CPU
		{370F0648-E319-4520-97F6-ED99A98388AA}.AppStore|iPhoneSimulator.ActiveCfg = Debug|Any CPU
		{370F0648-E319-4520-97F6-ED99A98388AA}.AppStore|iPhoneSimulator.Build.0 = Debug|Any CPU
		{370F0648-E319-4520-97F6-ED99A98388AA}.AppStore|iPhoneSimulator.Deploy.0 = Debug|Any CPU
		{370F0648-E319-4520-97F6-ED99A98388AA}.Debug|Any CPU.ActiveCfg = Debug|Any CPU
		{370F0648-E319-4520-97F6-ED99A98388AA}.Debug|Any CPU.Build.0 = Debug|Any CPU
		{370F0648-E319-4520-97F6-ED99A98388AA}.Debug|Any CPU.Deploy.0 = Debug|Any CPU
		{370F0648-E319-4520-97F6-ED99A98388AA}.Debug|iPhone.ActiveCfg = Debug|Any CPU
		{370F0648-E319-4520-97F6-ED99A98388AA}.Debug|iPhone.Build.0 = Debug|Any CPU
		{370F0648-E319-4520-97F6-ED99A98388AA}.Debug|iPhone.Deploy.0 = Debug|Any CPU
		{370F0648-E319-4520-97F6-ED99A98388AA}.Debug|iPhoneSimulator.ActiveCfg = Debug|Any CPU
		{370F0648-E319-4520-97F6-ED99A98388AA}.Debug|iPhoneSimulator.Build.0 = Debug|Any CPU
		{370F0648-E319-4520-97F6-ED99A98388AA}.Debug|iPhoneSimulator.Deploy.0 = Debug|Any CPU
		{370F0648-E319-4520-97F6-ED99A98388AA}.Release|Any CPU.ActiveCfg = Release|Any CPU
		{370F0648-E319-4520-97F6-ED99A98388AA}.Release|Any CPU.Build.0 = Release|Any CPU
		{370F0648-E319-4520-97F6-ED99A98388AA}.Release|Any CPU.Deploy.0 = Release|Any CPU
		{370F0648-E319-4520-97F6-ED99A98388AA}.Release|iPhone.ActiveCfg = Release|Any CPU
		{370F0648-E319-4520-97F6-ED99A98388AA}.Release|iPhone.Build.0 = Release|Any CPU
		{370F0648-E319-4520-97F6-ED99A98388AA}.Release|iPhone.Deploy.0 = Release|Any CPU
		{370F0648-E319-4520-97F6-ED99A98388AA}.Release|iPhoneSimulator.ActiveCfg = Release|Any CPU
		{370F0648-E319-4520-97F6-ED99A98388AA}.Release|iPhoneSimulator.Build.0 = Release|Any CPU
		{370F0648-E319-4520-97F6-ED99A98388AA}.Release|iPhoneSimulator.Deploy.0 = Release|Any CPU
	EndGlobalSection
	GlobalSection(SolutionProperties) = preSolution
		HideSolutionNode = FALSE
	EndGlobalSection
	GlobalSection(ExtensibilityGlobals) = postSolution
		SolutionGuid = {A0932A41-FBC6-4974-94C1-A93BDE12C8FB}
	EndGlobalSection
EndGlobal
